
Microsoft Visual Studio Solution File, Format Version 12.00
# Visual Studio Version 17
VisualStudioVersion = 17.6.33829.357
MinimumVisualStudioVersion = 10.0.40219.1
Project("{FAE04EC0-301F-11D3-BF4B-00C04F79EFBC}") = "WantApp", "WantApp.csproj", "{7D65BCA4-6515-4B6B-81E5-FD4BC23F0760}"
EndProject
Global
	GlobalSection(SolutionConfigurationPlatforms) = preSolution
		Debug|Any CPU = Debug|Any CPU
		Release|Any CPU = Release|Any CPU
	EndGlobalSection
	GlobalSection(ProjectConfigurationPlatforms) = postSolution
		{7D65BCA4-6515-4B6B-81E5-FD4BC23F0760}.Debug|Any CPU.ActiveCfg = Debug|Any CPU
		{7D65BCA4-6515-4B6B-81E5-FD4BC23F0760}.Debug|Any CPU.Build.0 = Debug|Any CPU
		{7D65BCA4-6515-4B6B-81E5-FD4BC23F0760}.Release|Any CPU.ActiveCfg = Release|Any CPU
		{7D65BCA4-6515-4B6B-81E5-FD4BC23F0760}.Release|Any CPU.Build.0 = Release|Any CPU
	EndGlobalSection
	GlobalSection(SolutionProperties) = preSolution
		HideSolutionNode = FALSE
	EndGlobalSection
	GlobalSection(ExtensibilityGlobals) = postSolution
		SolutionGuid = {28D67837-A7CE-4FDF-9BF6-A0D44140D2F4}
	EndGlobalSection
EndGlobal
